
Microsoft Visual Studio Solution File, Format Version 12.00
# Visual Studio Version 16
VisualStudioVersion = 16.0.29503.13
MinimumVisualStudioVersion = 10.0.40219.1
Project("{FAE04EC0-301F-11D3-BF4B-00C04F79EFBC}") = "LifeSim", "LifeSim.csproj", "{D7730FBA-4269-476B-BAEA-0F30711C65E1}"
EndProject
Global
	GlobalSection(SolutionConfigurationPlatforms) = preSolution
		Debug|Any CPU = Debug|Any CPU
		Release|Any CPU = Release|Any CPU
	EndGlobalSection
	GlobalSection(ProjectConfigurationPlatforms) = postSolution
		{D7730FBA-4269-476B-BAEA-0F30711C65E1}.Debug|Any CPU.ActiveCfg = Debug|Any CPU
		{D7730FBA-4269-476B-BAEA-0F30711C65E1}.Debug|Any CPU.Build.0 = Debug|Any CPU
		{D7730FBA-4269-476B-BAEA-0F30711C65E1}.Release|Any CPU.ActiveCfg = Release|Any CPU
		{D7730FBA-4269-476B-BAEA-0F30711C65E1}.Release|Any CPU.Build.0 = Release|Any CPU
	EndGlobalSection
	GlobalSection(SolutionProperties) = preSolution
		HideSolutionNode = FALSE
	EndGlobalSection
	GlobalSection(ExtensibilityGlobals) = postSolution
		SolutionGuid = {AD9E21C5-C5F6-44FE-ADE9-A4959EE81C8E}
	EndGlobalSection
EndGlobal
